{
  "name": "londi-agent-os",
  "version": "0.0.0-mvp",
  "lockfileVersion": 3,
  "requires": true,
  "packages": {
    "": {
      "name": "londi-agent-os",
      "version": "0.0.0-mvp",
      "workspaces": [
        "apps/*",
        "packages/*"
      ],
      "engines": {
        "node": ">=22.0.0",
        "npm": ">=9.0.0"
      }
    },
    "apps/local-api": {
      "name": "@londi-agent-os/local-api",
      "version": "0.0.0-mvp",
      "dependencies": {
        "@londi-agent-os/contracts": "0.0.0-mvp",
        "@londi-agent-os/orchestrator": "0.0.0-mvp"
      }
    },
    "apps/ui": {
      "name": "@londi-agent-os/ui",
      "version": "0.0.0-mvp",
      "dependencies": {
        "@londi-agent-os/contracts": "0.0.0-mvp"
      }
    },
    "node_modules/@londi-agent-os/adapters": {
      "resolved": "packages/adapters",
      "link": true
    },
    "node_modules/@londi-agent-os/contracts": {
      "resolved": "packages/contracts",
      "link": true
    },
    "node_modules/@londi-agent-os/local-api": {
      "resolved": "apps/local-api",
      "link": true
    },
    "node_modules/@londi-agent-os/migrations": {
      "resolved": "packages/migrations",
      "link": true
    },
    "node_modules/@londi-agent-os/orchestrator": {
      "resolved": "packages/orchestrator",
      "link": true
    },
    "node_modules/@londi-agent-os/ui": {
      "resolved": "apps/ui",
      "link": true
    },
    "packages/adapters": {
      "name": "@londi-agent-os/adapters",
      "version": "0.0.0-mvp"
    },
    "packages/contracts": {
      "name": "@londi-agent-os/contracts",
      "version": "0.0.0-mvp"
    },
    "packages/migrations": {
      "name": "@londi-agent-os/migrations",
      "version": "0.0.0-mvp",
      "dependencies": {
        "@londi-agent-os/contracts": "0.0.0-mvp"
      }
    },
    "packages/orchestrator": {
      "name": "@londi-agent-os/orchestrator",
      "version": "0.0.0-mvp",
      "dependencies": {
        "@londi-agent-os/contracts": "0.0.0-mvp"
      }
    }
  }
}
